{
  "name": "modern_bank_app",
  "lockfileVersion": 2,
  "requires": true,
  "packages": {
    "": {
      "dependencies": {
        "framer-motion": "^7.5.3"
      }
    },
    "node_modules/@emotion/is-prop-valid": {
      "version": "0.8.8",
      "resolved": "https://registry.npmjs.org/@emotion/is-prop-valid/-/is-prop-valid-0.8.8.tgz",
      "integrity": "sha512-u5WtneEAr5IDG2Wv65yhunPSMLIpuKsbuOktRojfrEiEvRyC85LgPMZI63cr7NUqT8ZIGdSVg8ZKGxIug4lXcA==",
      "optional": true,
      "dependencies": {
        "@emotion/memoize": "0.7.4"
      }
    },
    "node_modules/@emotion/memoize": {
      "version": "0.7.4",
      "resolved": "https://registry.npmjs.org/@emotion/memoize/-/memoize-0.7.4.tgz",
      "integrity": "sha512-Ja/Vfqe3HpuzRsG1oBtWTHk2PGZ7GR+2Vz5iYGelAw8dx32K0y7PjVuxK6z1nMpZOqAFsRUPCkK1YjJ56qJlgw==",
      "optional": true
    },
    "node_modules/@motionone/animation": {
      "version": "10.14.0",
      "resolved": "https://registry.npmjs.org/@motionone/animation/-/animation-10.14.0.tgz",
      "integrity": "sha512-h+1sdyBP8vbxEBW5gPFDnj+m2DCqdlAuf2g6Iafb1lcMnqjsRXWlPw1AXgvUMXmreyhqmPbJqoNfIKdytampRQ==",
      "dependencies": {
        "@motionone/easing": "^10.14.0",
        "@motionone/types": "^10.14.0",
        "@motionone/utils": "^10.14.0",
        "tslib": "^2.3.1"
      }
    },
    "node_modules/@motionone/dom": {
      "version": "10.13.1",
      "resolved": "https://registry.npmjs.org/@motionone/dom/-/dom-10.13.1.tgz",
      "integrity": "sha512-zjfX+AGMIt/fIqd/SL1Lj93S6AiJsEA3oc5M9VkUr+Gz+juRmYN1vfvZd6MvEkSqEjwPQgcjN7rGZHrDB9APfQ==",
      "dependencies": {
        "@motionone/animation": "^10.13.1",
        "@motionone/generators": "^10.13.1",
        "@motionone/types": "^10.13.0",
        "@motionone/utils": "^10.13.1",
        "hey-listen": "^1.0.8",
        "tslib": "^2.3.1"
      }
    },
    "node_modules/@motionone/easing": {
      "version": "10.14.0",
      "resolved": "https://registry.npmjs.org/@motionone/easing/-/easing-10.14.0.tgz",
      "integrity": "sha512-2vUBdH9uWTlRbuErhcsMmt1jvMTTqvGmn9fHq8FleFDXBlHFs5jZzHJT9iw+4kR1h6a4SZQuCf72b9ji92qNYA==",
      "dependencies": {
        "@motionone/utils": "^10.14.0",
        "tslib": "^2.3.1"
      }
    },
    "node_modules/@motionone/generators": {
      "version": "10.14.0",
      "resolved": "https://registry.npmjs.org/@motionone/generators/-/generators-10.14.0.tgz",
      "integrity": "sha512-6kRHezoFfIjFN7pPpaxmkdZXD36tQNcyJe3nwVqwJ+ZfC0e3rFmszR8kp9DEVFs9QL/akWjuGPSLBI1tvz+Vjg==",
      "dependencies": {
        "@motionone/types": "^10.14.0",
        "@motionone/utils": "^10.14.0",
        "tslib": "^2.3.1"
      }
    },
    "node_modules/@motionone/types": {
      "version": "10.14.0",
      "resolved": "https://registry.npmjs.org/@motionone/types/-/types-10.14.0.tgz",
      "integrity": "sha512-3bNWyYBHtVd27KncnJLhksMFQ5o2MSdk1cA/IZqsHtA9DnRM1SYgN01CTcJ8Iw8pCXF5Ocp34tyAjY7WRpOJJQ=="
    },
    "node_modules/@motionone/utils": {
      "version": "10.14.0",
      "resolved": "https://registry.npmjs.org/@motionone/utils/-/utils-10.14.0.tgz",
      "integrity": "sha512-sLWBLPzRqkxmOTRzSaD3LFQXCPHvDzyHJ1a3VP9PRzBxyVd2pv51/gMOsdAcxQ9n+MIeGJnxzXBYplUHKj4jkw==",
      "dependencies": {
        "@motionone/types": "^10.14.0",
        "hey-listen": "^1.0.8",
        "tslib": "^2.3.1"
      }
    },
    "node_modules/framer-motion": {
      "version": "7.5.3",
      "resolved": "https://registry.npmjs.org/framer-motion/-/framer-motion-7.5.3.tgz",
      "integrity": "sha512-VvANga9Z7bYtKMAsM/je81FwJDHfThOYywN04xVQ4OGdMVY09Bowx/q7nZd6XtytLuv6byc6GT1mYwag+SQ/nw==",
      "dependencies": {
        "@motionone/dom": "10.13.1",
        "framesync": "6.1.2",
        "hey-listen": "^1.0.8",
        "popmotion": "11.0.5",
        "style-value-types": "5.1.2",
        "tslib": "2.4.0"
      },
      "optionalDependencies": {
        "@emotion/is-prop-valid": "^0.8.2"
      },
      "peerDependencies": {
        "react": "^18.0.0",
        "react-dom": "^18.0.0"
      }
    },
    "node_modules/framesync": {
      "version": "6.1.2",
      "resolved": "https://registry.npmjs.org/framesync/-/framesync-6.1.2.tgz",
      "integrity": "sha512-jBTqhX6KaQVDyus8muwZbBeGGP0XgujBRbQ7gM7BRdS3CadCZIHiawyzYLnafYcvZIh5j8WE7cxZKFn7dXhu9g==",
      "dependencies": {
        "tslib": "2.4.0"
      }
    },
    "node_modules/hey-listen": {
      "version": "1.0.8",
      "resolved": "https://registry.npmjs.org/hey-listen/-/hey-listen-1.0.8.tgz",
      "integrity": "sha512-COpmrF2NOg4TBWUJ5UVyaCU2A88wEMkUPK4hNqyCkqHbxT92BbvfjoSozkAIIm6XhicGlJHhFdullInrdhwU8Q=="
    },
    "node_modules/popmotion": {
      "version": "11.0.5",
      "resolved": "https://registry.npmjs.org/popmotion/-/popmotion-11.0.5.tgz",
      "integrity": "sha512-la8gPM1WYeFznb/JqF4GiTkRRPZsfaj2+kCxqQgr2MJylMmIKUwBfWW8Wa5fml/8gmtlD5yI01MP1QCZPWmppA==",
      "dependencies": {
        "framesync": "6.1.2",
        "hey-listen": "^1.0.8",
        "style-value-types": "5.1.2",
        "tslib": "2.4.0"
      }
    },
    "node_modules/style-value-types": {
      "version": "5.1.2",
      "resolved": "https://registry.npmjs.org/style-value-types/-/style-value-types-5.1.2.tgz",
      "integrity": "sha512-Vs9fNreYF9j6W2VvuDTP7kepALi7sk0xtk2Tu8Yxi9UoajJdEVpNpCov0HsLTqXvNGKX+Uv09pkozVITi1jf3Q==",
      "dependencies": {
        "hey-listen": "^1.0.8",
        "tslib": "2.4.0"
      }
    },
    "node_modules/tslib": {
      "version": "2.4.0",
      "resolved": "https://registry.npmjs.org/tslib/-/tslib-2.4.0.tgz",
      "integrity": "sha512-d6xOpEDfsi2CZVlPQzGeux8XMwLT9hssAsaPYExaQMuYskwb+x1x7J371tWlbBdWHroy99KnVB6qIkUbs5X3UQ=="
    }
  },
  "dependencies": {
    "@emotion/is-prop-valid": {
      "version": "0.8.8",
      "resolved": "https://registry.npmjs.org/@emotion/is-prop-valid/-/is-prop-valid-0.8.8.tgz",
      "integrity": "sha512-u5WtneEAr5IDG2Wv65yhunPSMLIpuKsbuOktRojfrEiEvRyC85LgPMZI63cr7NUqT8ZIGdSVg8ZKGxIug4lXcA==",
      "optional": true,
      "requires": {
        "@emotion/memoize": "0.7.4"
      }
    },
    "@emotion/memoize": {
      "version": "0.7.4",
      "resolved": "https://registry.npmjs.org/@emotion/memoize/-/memoize-0.7.4.tgz",
      "integrity": "sha512-Ja/Vfqe3HpuzRsG1oBtWTHk2PGZ7GR+2Vz5iYGelAw8dx32K0y7PjVuxK6z1nMpZOqAFsRUPCkK1YjJ56qJlgw==",
      "optional": true
    },
    "@motionone/animation": {
      "version": "10.14.0",
      "resolved": "https://registry.npmjs.org/@motionone/animation/-/animation-10.14.0.tgz",
      "integrity": "sha512-h+1sdyBP8vbxEBW5gPFDnj+m2DCqdlAuf2g6Iafb1lcMnqjsRXWlPw1AXgvUMXmreyhqmPbJqoNfIKdytampRQ==",
      "requires": {
        "@motionone/easing": "^10.14.0",
        "@motionone/types": "^10.14.0",
        "@motionone/utils": "^10.14.0",
        "tslib": "^2.3.1"
      }
    },
    "@motionone/dom": {
      "version": "10.13.1",
      "resolved": "https://registry.npmjs.org/@motionone/dom/-/dom-10.13.1.tgz",
      "integrity": "sha512-zjfX+AGMIt/fIqd/SL1Lj93S6AiJsEA3oc5M9VkUr+Gz+juRmYN1vfvZd6MvEkSqEjwPQgcjN7rGZHrDB9APfQ==",
      "requires": {
        "@motionone/animation": "^10.13.1",
        "@motionone/generators": "^10.13.1",
        "@motionone/types": "^10.13.0",
        "@motionone/utils": "^10.13.1",
        "hey-listen": "^1.0.8",
        "tslib": "^2.3.1"
      }
    },
    "@motionone/easing": {
      "version": "10.14.0",
      "resolved": "https://registry.npmjs.org/@motionone/easing/-/easing-10.14.0.tgz",
      "integrity": "sha512-2vUBdH9uWTlRbuErhcsMmt1jvMTTqvGmn9fHq8FleFDXBlHFs5jZzHJT9iw+4kR1h6a4SZQuCf72b9ji92qNYA==",
      "requires": {
        "@motionone/utils": "^10.14.0",
        "tslib": "^2.3.1"
      }
    },
    "@motionone/generators": {
      "version": "10.14.0",
      "resolved": "https://registry.npmjs.org/@motionone/generators/-/generators-10.14.0.tgz",
      "integrity": "sha512-6kRHezoFfIjFN7pPpaxmkdZXD36tQNcyJe3nwVqwJ+ZfC0e3rFmszR8kp9DEVFs9QL/akWjuGPSLBI1tvz+Vjg==",
      "requires": {
        "@motionone/types": "^10.14.0",
        "@motionone/utils": "^10.14.0",
        "tslib": "^2.3.1"
      }
    },
    "@motionone/types": {
      "version": "10.14.0",
      "resolved": "https://registry.npmjs.org/@motionone/types/-/types-10.14.0.tgz",
      "integrity": "sha512-3bNWyYBHtVd27KncnJLhksMFQ5o2MSdk1cA/IZqsHtA9DnRM1SYgN01CTcJ8Iw8pCXF5Ocp34tyAjY7WRpOJJQ=="
    },
    "@motionone/utils": {
      "version": "10.14.0",
      "resolved": "https://registry.npmjs.org/@motionone/utils/-/utils-10.14.0.tgz",
      "integrity": "sha512-sLWBLPzRqkxmOTRzSaD3LFQXCPHvDzyHJ1a3VP9PRzBxyVd2pv51/gMOsdAcxQ9n+MIeGJnxzXBYplUHKj4jkw==",
      "requires": {
        "@motionone/types": "^10.14.0",
        "hey-listen": "^1.0.8",
        "tslib": "^2.3.1"
      }
    },
    "framer-motion": {
      "version": "7.5.3",
      "resolved": "https://registry.npmjs.org/framer-motion/-/framer-motion-7.5.3.tgz",
      "integrity": "sha512-VvANga9Z7bYtKMAsM/je81FwJDHfThOYywN04xVQ4OGdMVY09Bowx/q7nZd6XtytLuv6byc6GT1mYwag+SQ/nw==",
      "requires": {
        "@emotion/is-prop-valid": "^0.8.2",
        "@motionone/dom": "10.13.1",
        "framesync": "6.1.2",
        "hey-listen": "^1.0.8",
        "popmotion": "11.0.5",
        "style-value-types": "5.1.2",
        "tslib": "2.4.0"
      }
    },
    "framesync": {
      "version": "6.1.2",
      "resolved": "https://registry.npmjs.org/framesync/-/framesync-6.1.2.tgz",
      "integrity": "sha512-jBTqhX6KaQVDyus8muwZbBeGGP0XgujBRbQ7gM7BRdS3CadCZIHiawyzYLnafYcvZIh5j8WE7cxZKFn7dXhu9g==",
      "requires": {
        "tslib": "2.4.0"
      }
    },
    "hey-listen": {
      "version": "1.0.8",
      "resolved": "https://registry.npmjs.org/hey-listen/-/hey-listen-1.0.8.tgz",
      "integrity": "sha512-COpmrF2NOg4TBWUJ5UVyaCU2A88wEMkUPK4hNqyCkqHbxT92BbvfjoSozkAIIm6XhicGlJHhFdullInrdhwU8Q=="
    },
    "popmotion": {
      "version": "11.0.5",
      "resolved": "https://registry.npmjs.org/popmotion/-/popmotion-11.0.5.tgz",
      "integrity": "sha512-la8gPM1WYeFznb/JqF4GiTkRRPZsfaj2+kCxqQgr2MJylMmIKUwBfWW8Wa5fml/8gmtlD5yI01MP1QCZPWmppA==",
      "requires": {
        "framesync": "6.1.2",
        "hey-listen": "^1.0.8",
        "style-value-types": "5.1.2",
        "tslib": "2.4.0"
      }
    },
    "style-value-types": {
      "version": "5.1.2",
      "resolved": "https://registry.npmjs.org/style-value-types/-/style-value-types-5.1.2.tgz",
      "integrity": "sha512-Vs9fNreYF9j6W2VvuDTP7kepALi7sk0xtk2Tu8Yxi9UoajJdEVpNpCov0HsLTqXvNGKX+Uv09pkozVITi1jf3Q==",
      "requires": {
        "hey-listen": "^1.0.8",
        "tslib": "2.4.0"
      }
    },
    "tslib": {
      "version": "2.4.0",
      "resolved": "https://registry.npmjs.org/tslib/-/tslib-2.4.0.tgz",
      "integrity": "sha512-d6xOpEDfsi2CZVlPQzGeux8XMwLT9hssAsaPYExaQMuYskwb+x1x7J371tWlbBdWHroy99KnVB6qIkUbs5X3UQ=="
    }
  }
}
